
Microsoft Visual Studio Solution File, Format Version 12.00
# Visual Studio Version 17
VisualStudioVersion = 17.0.31903.59
MinimumVisualStudioVersion = 10.0.40219.1
Project("{FAE04EC0-301F-11D3-BF4B-00C04F79EFBC}") = "ApiCore8.Api", "ApiCore8.Api\ApiCore8.Api.csproj", "{EE18639F-71C6-4040-AC14-0B2B4168E576}"
EndProject
Project("{FAE04EC0-301F-11D3-BF4B-00C04F79EFBC}") = "ApiCore8.Application", "ApiCore8.Application\ApiCore8.Application.csproj", "{B240FE92-06A3-4FBD-A233-3DA5AAD42A57}"
EndProject
Project("{FAE04EC0-301F-11D3-BF4B-00C04F79EFBC}") = "ApiCore8.Infrastructure", "ApiCore8.Infrastructure\ApiCore8.Infrastructure.csproj", "{D4CAF2DF-7DB9-4B78-B630-4E0CDA888655}"
EndProject
Project("{FAE04EC0-301F-11D3-BF4B-00C04F79EFBC}") = "ApiCore8.Domain", "ApiCore8.Domain\ApiCore8.Domain.csproj", "{06C156B4-9C04-472A-B1EF-538E359EB81B}"
EndProject
Project("{2150E333-8FDC-42A3-9474-1A3956D46DE8}") = "tests", "tests", "{0AB3BF05-4346-4AA6-1389-037BE0695223}"
EndProject
Project("{FAE04EC0-301F-11D3-BF4B-00C04F79EFBC}") = "ApiCore8.UnitTests", "tests\ApiCore8.UnitTests\ApiCore8.UnitTests.csproj", "{C911B825-FA57-40B2-922E-992E300735A4}"
EndProject
Project("{2150E333-8FDC-42A3-9474-1A3956D46DE8}") = "Shared", "Shared", "{4F52FD11-658E-A102-6CD3-7D7C16FFA15B}"
EndProject
Project("{FAE04EC0-301F-11D3-BF4B-00C04F79EFBC}") = "Shared.DataAccess", "..\Shared\Shared.DataAccess\Shared.DataAccess.csproj", "{EF38F3EC-C25B-4FE4-A665-860593A9A8C0}"
EndProject
Project("{FAE04EC0-301F-11D3-BF4B-00C04F79EFBC}") = "Shared.Common", "..\Shared\Shared.Common\Shared.Common.csproj", "{2B146348-9509-4382-8EE8-82322235CF7C}"
EndProject
Project("{FAE04EC0-301F-11D3-BF4B-00C04F79EFBC}") = "Shared.Caching", "..\Shared\Shared.Caching\Shared.Caching.csproj", "{2F6B464E-6ED5-4548-A986-188AFBFF3A3D}"
EndProject
Project("{FAE04EC0-301F-11D3-BF4B-00C04F79EFBC}") = "Shared.Logging", "..\Shared\Shared.Logging\Shared.Logging.csproj", "{8D1B5EEB-9AFF-47B4-AD26-158521A80CEB}"
EndProject
Global
	GlobalSection(SolutionConfigurationPlatforms) = preSolution
		Debug|Any CPU = Debug|Any CPU
		Debug|x64 = Debug|x64
		Debug|x86 = Debug|x86
		Release|Any CPU = Release|Any CPU
		Release|x64 = Release|x64
		Release|x86 = Release|x86
	EndGlobalSection
	GlobalSection(ProjectConfigurationPlatforms) = postSolution
		{EE18639F-71C6-4040-AC14-0B2B4168E576}.Debug|Any CPU.ActiveCfg = Debug|Any CPU
		{EE18639F-71C6-4040-AC14-0B2B4168E576}.Debug|Any CPU.Build.0 = Debug|Any CPU
		{EE18639F-71C6-4040-AC14-0B2B4168E576}.Debug|x64.ActiveCfg = Debug|Any CPU
		{EE18639F-71C6-4040-AC14-0B2B4168E576}.Debug|x64.Build.0 = Debug|Any CPU
		{EE18639F-71C6-4040-AC14-0B2B4168E576}.Debug|x86.ActiveCfg = Debug|Any CPU
		{EE18639F-71C6-4040-AC14-0B2B4168E576}.Debug|x86.Build.0 = Debug|Any CPU
		{EE18639F-71C6-4040-AC14-0B2B4168E576}.Release|Any CPU.ActiveCfg = Release|Any CPU
		{EE18639F-71C6-4040-AC14-0B2B4168E576}.Release|Any CPU.Build.0 = Release|Any CPU
		{EE18639F-71C6-4040-AC14-0B2B4168E576}.Release|x64.ActiveCfg = Release|Any CPU
		{EE18639F-71C6-4040-AC14-0B2B4168E576}.Release|x64.Build.0 = Release|Any CPU
		{EE18639F-71C6-4040-AC14-0B2B4168E576}.Release|x86.ActiveCfg = Release|Any CPU
		{EE18639F-71C6-4040-AC14-0B2B4168E576}.Release|x86.Build.0 = Release|Any CPU
		{B240FE92-06A3-4FBD-A233-3DA5AAD42A57}.Debug|Any CPU.ActiveCfg = Debug|Any CPU
		{B240FE92-06A3-4FBD-A233-3DA5AAD42A57}.Debug|Any CPU.Build.0 = Debug|Any CPU
		{B240FE92-06A3-4FBD-A233-3DA5AAD42A57}.Debug|x64.ActiveCfg = Debug|Any CPU
		{B240FE92-06A3-4FBD-A233-3DA5AAD42A57}.Debug|x64.Build.0 = Debug|Any CPU
		{B240FE92-06A3-4FBD-A233-3DA5AAD42A57}.Debug|x86.ActiveCfg = Debug|Any CPU
		{B240FE92-06A3-4FBD-A233-3DA5AAD42A57}.Debug|x86.Build.0 = Debug|Any CPU
		{B240FE92-06A3-4FBD-A233-3DA5AAD42A57}.Release|Any CPU.ActiveCfg = Release|Any CPU
		{B240FE92-06A3-4FBD-A233-3DA5AAD42A57}.Release|Any CPU.Build.0 = Release|Any CPU
		{B240FE92-06A3-4FBD-A233-3DA5AAD42A57}.Release|x64.ActiveCfg = Release|Any CPU
		{B240FE92-06A3-4FBD-A233-3DA5AAD42A57}.Release|x64.Build.0 = Release|Any CPU
		{B240FE92-06A3-4FBD-A233-3DA5AAD42A57}.Release|x86.ActiveCfg = Release|Any CPU
		{B240FE92-06A3-4FBD-A233-3DA5AAD42A57}.Release|x86.Build.0 = Release|Any CPU
		{D4CAF2DF-7DB9-4B78-B630-4E0CDA888655}.Debug|Any CPU.ActiveCfg = Debug|Any CPU
		{D4CAF2DF-7DB9-4B78-B630-4E0CDA888655}.Debug|Any CPU.Build.0 = Debug|Any CPU
		{D4CAF2DF-7DB9-4B78-B630-4E0CDA888655}.Debug|x64.ActiveCfg = Debug|Any CPU
		{D4CAF2DF-7DB9-4B78-B630-4E0CDA888655}.Debug|x64.Build.0 = Debug|Any CPU
		{D4CAF2DF-7DB9-4B78-B630-4E0CDA888655}.Debug|x86.ActiveCfg = Debug|Any CPU
		{D4CAF2DF-7DB9-4B78-B630-4E0CDA888655}.Debug|x86.Build.0 = Debug|Any CPU
		{D4CAF2DF-7DB9-4B78-B630-4E0CDA888655}.Release|Any CPU.ActiveCfg = Release|Any CPU
		{D4CAF2DF-7DB9-4B78-B630-4E0CDA888655}.Release|Any CPU.Build.0 = Release|Any CPU
		{D4CAF2DF-7DB9-4B78-B630-4E0CDA888655}.Release|x64.ActiveCfg = Release|Any CPU
		{D4CAF2DF-7DB9-4B78-B630-4E0CDA888655}.Release|x64.Build.0 = Release|Any CPU
		{D4CAF2DF-7DB9-4B78-B630-4E0CDA888655}.Release|x86.ActiveCfg = Release|Any CPU
		{D4CAF2DF-7DB9-4B78-B630-4E0CDA888655}.Release|x86.Build.0 = Release|Any CPU
		{06C156B4-9C04-472A-B1EF-538E359EB81B}.Debug|Any CPU.ActiveCfg = Debug|Any CPU
		{06C156B4-9C04-472A-B1EF-538E359EB81B}.Debug|Any CPU.Build.0 = Debug|Any CPU
		{06C156B4-9C04-472A-B1EF-538E359EB81B}.Debug|x64.ActiveCfg = Debug|Any CPU
		{06C156B4-9C04-472A-B1EF-538E359EB81B}.Debug|x64.Build.0 = Debug|Any CPU
		{06C156B4-9C04-472A-B1EF-538E359EB81B}.Debug|x86.ActiveCfg = Debug|Any CPU
		{06C156B4-9C04-472A-B1EF-538E359EB81B}.Debug|x86.Build.0 = Debug|Any CPU
		{06C156B4-9C04-472A-B1EF-538E359EB81B}.Release|Any CPU.ActiveCfg = Release|Any CPU
		{06C156B4-9C04-472A-B1EF-538E359EB81B}.Release|Any CPU.Build.0 = Release|Any CPU
		{06C156B4-9C04-472A-B1EF-538E359EB81B}.Release|x64.ActiveCfg = Release|Any CPU
		{06C156B4-9C04-472A-B1EF-538E359EB81B}.Release|x64.Build.0 = Release|Any CPU
		{06C156B4-9C04-472A-B1EF-538E359EB81B}.Release|x86.ActiveCfg = Release|Any CPU
		{06C156B4-9C04-472A-B1EF-538E359EB81B}.Release|x86.Build.0 = Release|Any CPU
		{C911B825-FA57-40B2-922E-992E300735A4}.Debug|Any CPU.ActiveCfg = Debug|Any CPU
		{C911B825-FA57-40B2-922E-992E300735A4}.Debug|Any CPU.Build.0 = Debug|Any CPU
		{C911B825-FA57-40B2-922E-992E300735A4}.Debug|x64.ActiveCfg = Debug|Any CPU
		{C911B825-FA57-40B2-922E-992E300735A4}.Debug|x64.Build.0 = Debug|Any CPU
		{C911B825-FA57-40B2-922E-992E300735A4}.Debug|x86.ActiveCfg = Debug|Any CPU
		{C911B825-FA57-40B2-922E-992E300735A4}.Debug|x86.Build.0 = Debug|Any CPU
		{C911B825-FA57-40B2-922E-992E300735A4}.Release|Any CPU.ActiveCfg = Release|Any CPU
		{C911B825-FA57-40B2-922E-992E300735A4}.Release|Any CPU.Build.0 = Release|Any CPU
		{C911B825-FA57-40B2-922E-992E300735A4}.Release|x64.ActiveCfg = Release|Any CPU
		{C911B825-FA57-40B2-922E-992E300735A4}.Release|x64.Build.0 = Release|Any CPU
		{C911B825-FA57-40B2-922E-992E300735A4}.Release|x86.ActiveCfg = Release|Any CPU
		{C911B825-FA57-40B2-922E-992E300735A4}.Release|x86.Build.0 = Release|Any CPU
		{EF38F3EC-C25B-4FE4-A665-860593A9A8C0}.Debug|Any CPU.ActiveCfg = Debug|Any CPU
		{EF38F3EC-C25B-4FE4-A665-860593A9A8C0}.Debug|Any CPU.Build.0 = Debug|Any CPU
		{EF38F3EC-C25B-4FE4-A665-860593A9A8C0}.Debug|x64.ActiveCfg = Debug|Any CPU
		{EF38F3EC-C25B-4FE4-A665-860593A9A8C0}.Debug|x64.Build.0 = Debug|Any CPU
		{EF38F3EC-C25B-4FE4-A665-860593A9A8C0}.Debug|x86.ActiveCfg = Debug|Any CPU
		{EF38F3EC-C25B-4FE4-A665-860593A9A8C0}.Debug|x86.Build.0 = Debug|Any CPU
		{EF38F3EC-C25B-4FE4-A665-860593A9A8C0}.Release|Any CPU.ActiveCfg = Release|Any CPU
		{EF38F3EC-C25B-4FE4-A665-860593A9A8C0}.Release|Any CPU.Build.0 = Release|Any CPU
		{EF38F3EC-C25B-4FE4-A665-860593A9A8C0}.Release|x64.ActiveCfg = Release|Any CPU
		{EF38F3EC-C25B-4FE4-A665-860593A9A8C0}.Release|x64.Build.0 = Release|Any CPU
		{EF38F3EC-C25B-4FE4-A665-860593A9A8C0}.Release|x86.ActiveCfg = Release|Any CPU
		{EF38F3EC-C25B-4FE4-A665-860593A9A8C0}.Release|x86.Build.0 = Release|Any CPU
		{2B146348-9509-4382-8EE8-82322235CF7C}.Debug|Any CPU.ActiveCfg = Debug|Any CPU
		{2B146348-9509-4382-8EE8-82322235CF7C}.Debug|Any CPU.Build.0 = Debug|Any CPU
		{2B146348-9509-4382-8EE8-82322235CF7C}.Debug|x64.ActiveCfg = Debug|Any CPU
		{2B146348-9509-4382-8EE8-82322235CF7C}.Debug|x64.Build.0 = Debug|Any CPU
		{2B146348-9509-4382-8EE8-82322235CF7C}.Debug|x86.ActiveCfg = Debug|Any CPU
		{2B146348-9509-4382-8EE8-82322235CF7C}.Debug|x86.Build.0 = Debug|Any CPU
		{2B146348-9509-4382-8EE8-82322235CF7C}.Release|Any CPU.ActiveCfg = Release|Any CPU
		{2B146348-9509-4382-8EE8-82322235CF7C}.Release|Any CPU.Build.0 = Release|Any CPU
		{2B146348-9509-4382-8EE8-82322235CF7C}.Release|x64.ActiveCfg = Release|Any CPU
		{2B146348-9509-4382-8EE8-82322235CF7C}.Release|x64.Build.0 = Release|Any CPU
		{2B146348-9509-4382-8EE8-82322235CF7C}.Release|x86.ActiveCfg = Release|Any CPU
		{2B146348-9509-4382-8EE8-82322235CF7C}.Release|x86.Build.0 = Release|Any CPU
		{2F6B464E-6ED5-4548-A986-188AFBFF3A3D}.Debug|Any CPU.ActiveCfg = Debug|Any CPU
		{2F6B464E-6ED5-4548-A986-188AFBFF3A3D}.Debug|Any CPU.Build.0 = Debug|Any CPU
		{2F6B464E-6ED5-4548-A986-188AFBFF3A3D}.Debug|x64.ActiveCfg = Debug|Any CPU
		{2F6B464E-6ED5-4548-A986-188AFBFF3A3D}.Debug|x64.Build.0 = Debug|Any CPU
		{2F6B464E-6ED5-4548-A986-188AFBFF3A3D}.Debug|x86.ActiveCfg = Debug|Any CPU
		{2F6B464E-6ED5-4548-A986-188AFBFF3A3D}.Debug|x86.Build.0 = Debug|Any CPU
		{2F6B464E-6ED5-4548-A986-188AFBFF3A3D}.Release|Any CPU.ActiveCfg = Release|Any CPU
		{2F6B464E-6ED5-4548-A986-188AFBFF3A3D}.Release|Any CPU.Build.0 = Release|Any CPU
		{2F6B464E-6ED5-4548-A986-188AFBFF3A3D}.Release|x64.ActiveCfg = Release|Any CPU
		{2F6B464E-6ED5-4548-A986-188AFBFF3A3D}.Release|x64.Build.0 = Release|Any CPU
		{2F6B464E-6ED5-4548-A986-188AFBFF3A3D}.Release|x86.ActiveCfg = Release|Any CPU
		{2F6B464E-6ED5-4548-A986-188AFBFF3A3D}.Release|x86.Build.0 = Release|Any CPU
		{8D1B5EEB-9AFF-47B4-AD26-158521A80CEB}.Debug|Any CPU.ActiveCfg = Debug|Any CPU
		{8D1B5EEB-9AFF-47B4-AD26-158521A80CEB}.Debug|Any CPU.Build.0 = Debug|Any CPU
		{8D1B5EEB-9AFF-47B4-AD26-158521A80CEB}.Debug|x64.ActiveCfg = Debug|Any CPU
		{8D1B5EEB-9AFF-47B4-AD26-158521A80CEB}.Debug|x64.Build.0 = Debug|Any CPU
		{8D1B5EEB-9AFF-47B4-AD26-158521A80CEB}.Debug|x86.ActiveCfg = Debug|Any CPU
		{8D1B5EEB-9AFF-47B4-AD26-158521A80CEB}.Debug|x86.Build.0 = Debug|Any CPU
		{8D1B5EEB-9AFF-47B4-AD26-158521A80CEB}.Release|Any CPU.ActiveCfg = Release|Any CPU
		{8D1B5EEB-9AFF-47B4-AD26-158521A80CEB}.Release|Any CPU.Build.0 = Release|Any CPU
		{8D1B5EEB-9AFF-47B4-AD26-158521A80CEB}.Release|x64.ActiveCfg = Release|Any CPU
		{8D1B5EEB-9AFF-47B4-AD26-158521A80CEB}.Release|x64.Build.0 = Release|Any CPU
		{8D1B5EEB-9AFF-47B4-AD26-158521A80CEB}.Release|x86.ActiveCfg = Release|Any CPU
		{8D1B5EEB-9AFF-47B4-AD26-158521A80CEB}.Release|x86.Build.0 = Release|Any CPU
	EndGlobalSection
	GlobalSection(SolutionProperties) = preSolution
		HideSolutionNode = FALSE
	EndGlobalSection
	GlobalSection(NestedProjects) = preSolution
		{C911B825-FA57-40B2-922E-992E300735A4} = {0AB3BF05-4346-4AA6-1389-037BE0695223}
		{EF38F3EC-C25B-4FE4-A665-860593A9A8C0} = {4F52FD11-658E-A102-6CD3-7D7C16FFA15B}
		{2B146348-9509-4382-8EE8-82322235CF7C} = {4F52FD11-658E-A102-6CD3-7D7C16FFA15B}
		{2F6B464E-6ED5-4548-A986-188AFBFF3A3D} = {4F52FD11-658E-A102-6CD3-7D7C16FFA15B}
		{8D1B5EEB-9AFF-47B4-AD26-158521A80CEB} = {4F52FD11-658E-A102-6CD3-7D7C16FFA15B}
	EndGlobalSection
EndGlobal
