
Microsoft Visual Studio Solution File, Format Version 12.00
# Visual Studio Version 17
VisualStudioVersion = 17.0.31903.59
MinimumVisualStudioVersion = 10.0.40219.1
Project("{FAE04EC0-301F-11D3-BF4B-00C04F79EFBC}") = "AuthService.Api", "AuthService.Api\AuthService.Api.csproj", "{E8B2FF77-AE54-4854-8137-26F257A104E2}"
EndProject
Project("{FAE04EC0-301F-11D3-BF4B-00C04F79EFBC}") = "AuthService.Application", "AuthService.Application\AuthService.Application.csproj", "{BC39CD30-B004-49F2-88A3-AFA4C69AB44A}"
EndProject
Project("{FAE04EC0-301F-11D3-BF4B-00C04F79EFBC}") = "AuthService.Infrastructure", "AuthService.Infrastructure\AuthService.Infrastructure.csproj", "{A59207C7-B7C2-414C-A458-0E18A5D0000A}"
EndProject
Project("{FAE04EC0-301F-11D3-BF4B-00C04F79EFBC}") = "AuthService.Domain", "AuthService.Domain\AuthService.Domain.csproj", "{9C3BE5BF-3A0C-4279-8CC3-A716E5EAFC46}"
EndProject
Project("{2150E333-8FDC-42A3-9474-1A3956D46DE8}") = "Shared", "Shared", "{4F52FD11-658E-A102-6CD3-7D7C16FFA15B}"
EndProject
Project("{FAE04EC0-301F-11D3-BF4B-00C04F79EFBC}") = "Shared.DataAccess", "..\Shared\Shared.DataAccess\Shared.DataAccess.csproj", "{4F6DBA1D-DC7C-4085-9725-6A0965F27D7E}"
EndProject
Project("{FAE04EC0-301F-11D3-BF4B-00C04F79EFBC}") = "Shared.Common", "..\Shared\Shared.Common\Shared.Common.csproj", "{527AEEAF-D3AC-4AB5-8919-BEA9F2D6BBD3}"
EndProject
Project("{FAE04EC0-301F-11D3-BF4B-00C04F79EFBC}") = "Shared.Caching", "..\Shared\Shared.Caching\Shared.Caching.csproj", "{45A765E3-51C9-4B79-81BB-9EA8464114F7}"
EndProject
Global
	GlobalSection(SolutionConfigurationPlatforms) = preSolution
		Debug|Any CPU = Debug|Any CPU
		Debug|x64 = Debug|x64
		Debug|x86 = Debug|x86
		Release|Any CPU = Release|Any CPU
		Release|x64 = Release|x64
		Release|x86 = Release|x86
	EndGlobalSection
	GlobalSection(ProjectConfigurationPlatforms) = postSolution
		{E8B2FF77-AE54-4854-8137-26F257A104E2}.Debug|Any CPU.ActiveCfg = Debug|Any CPU
		{E8B2FF77-AE54-4854-8137-26F257A104E2}.Debug|Any CPU.Build.0 = Debug|Any CPU
		{E8B2FF77-AE54-4854-8137-26F257A104E2}.Debug|x64.ActiveCfg = Debug|Any CPU
		{E8B2FF77-AE54-4854-8137-26F257A104E2}.Debug|x64.Build.0 = Debug|Any CPU
		{E8B2FF77-AE54-4854-8137-26F257A104E2}.Debug|x86.ActiveCfg = Debug|Any CPU
		{E8B2FF77-AE54-4854-8137-26F257A104E2}.Debug|x86.Build.0 = Debug|Any CPU
		{E8B2FF77-AE54-4854-8137-26F257A104E2}.Release|Any CPU.ActiveCfg = Release|Any CPU
		{E8B2FF77-AE54-4854-8137-26F257A104E2}.Release|Any CPU.Build.0 = Release|Any CPU
		{E8B2FF77-AE54-4854-8137-26F257A104E2}.Release|x64.ActiveCfg = Release|Any CPU
		{E8B2FF77-AE54-4854-8137-26F257A104E2}.Release|x64.Build.0 = Release|Any CPU
		{E8B2FF77-AE54-4854-8137-26F257A104E2}.Release|x86.ActiveCfg = Release|Any CPU
		{E8B2FF77-AE54-4854-8137-26F257A104E2}.Release|x86.Build.0 = Release|Any CPU
		{BC39CD30-B004-49F2-88A3-AFA4C69AB44A}.Debug|Any CPU.ActiveCfg = Debug|Any CPU
		{BC39CD30-B004-49F2-88A3-AFA4C69AB44A}.Debug|Any CPU.Build.0 = Debug|Any CPU
		{BC39CD30-B004-49F2-88A3-AFA4C69AB44A}.Debug|x64.ActiveCfg = Debug|Any CPU
		{BC39CD30-B004-49F2-88A3-AFA4C69AB44A}.Debug|x64.Build.0 = Debug|Any CPU
		{BC39CD30-B004-49F2-88A3-AFA4C69AB44A}.Debug|x86.ActiveCfg = Debug|Any CPU
		{BC39CD30-B004-49F2-88A3-AFA4C69AB44A}.Debug|x86.Build.0 = Debug|Any CPU
		{BC39CD30-B004-49F2-88A3-AFA4C69AB44A}.Release|Any CPU.ActiveCfg = Release|Any CPU
		{BC39CD30-B004-49F2-88A3-AFA4C69AB44A}.Release|Any CPU.Build.0 = Release|Any CPU
		{BC39CD30-B004-49F2-88A3-AFA4C69AB44A}.Release|x64.ActiveCfg = Release|Any CPU
		{BC39CD30-B004-49F2-88A3-AFA4C69AB44A}.Release|x64.Build.0 = Release|Any CPU
		{BC39CD30-B004-49F2-88A3-AFA4C69AB44A}.Release|x86.ActiveCfg = Release|Any CPU
		{BC39CD30-B004-49F2-88A3-AFA4C69AB44A}.Release|x86.Build.0 = Release|Any CPU
		{A59207C7-B7C2-414C-A458-0E18A5D0000A}.Debug|Any CPU.ActiveCfg = Debug|Any CPU
		{A59207C7-B7C2-414C-A458-0E18A5D0000A}.Debug|Any CPU.Build.0 = Debug|Any CPU
		{A59207C7-B7C2-414C-A458-0E18A5D0000A}.Debug|x64.ActiveCfg = Debug|Any CPU
		{A59207C7-B7C2-414C-A458-0E18A5D0000A}.Debug|x64.Build.0 = Debug|Any CPU
		{A59207C7-B7C2-414C-A458-0E18A5D0000A}.Debug|x86.ActiveCfg = Debug|Any CPU
		{A59207C7-B7C2-414C-A458-0E18A5D0000A}.Debug|x86.Build.0 = Debug|Any CPU
		{A59207C7-B7C2-414C-A458-0E18A5D0000A}.Release|Any CPU.ActiveCfg = Release|Any CPU
		{A59207C7-B7C2-414C-A458-0E18A5D0000A}.Release|Any CPU.Build.0 = Release|Any CPU
		{A59207C7-B7C2-414C-A458-0E18A5D0000A}.Release|x64.ActiveCfg = Release|Any CPU
		{A59207C7-B7C2-414C-A458-0E18A5D0000A}.Release|x64.Build.0 = Release|Any CPU
		{A59207C7-B7C2-414C-A458-0E18A5D0000A}.Release|x86.ActiveCfg = Release|Any CPU
		{A59207C7-B7C2-414C-A458-0E18A5D0000A}.Release|x86.Build.0 = Release|Any CPU
		{9C3BE5BF-3A0C-4279-8CC3-A716E5EAFC46}.Debug|Any CPU.ActiveCfg = Debug|Any CPU
		{9C3BE5BF-3A0C-4279-8CC3-A716E5EAFC46}.Debug|Any CPU.Build.0 = Debug|Any CPU
		{9C3BE5BF-3A0C-4279-8CC3-A716E5EAFC46}.Debug|x64.ActiveCfg = Debug|Any CPU
		{9C3BE5BF-3A0C-4279-8CC3-A716E5EAFC46}.Debug|x64.Build.0 = Debug|Any CPU
		{9C3BE5BF-3A0C-4279-8CC3-A716E5EAFC46}.Debug|x86.ActiveCfg = Debug|Any CPU
		{9C3BE5BF-3A0C-4279-8CC3-A716E5EAFC46}.Debug|x86.Build.0 = Debug|Any CPU
		{9C3BE5BF-3A0C-4279-8CC3-A716E5EAFC46}.Release|Any CPU.ActiveCfg = Release|Any CPU
		{9C3BE5BF-3A0C-4279-8CC3-A716E5EAFC46}.Release|Any CPU.Build.0 = Release|Any CPU
		{9C3BE5BF-3A0C-4279-8CC3-A716E5EAFC46}.Release|x64.ActiveCfg = Release|Any CPU
		{9C3BE5BF-3A0C-4279-8CC3-A716E5EAFC46}.Release|x64.Build.0 = Release|Any CPU
		{9C3BE5BF-3A0C-4279-8CC3-A716E5EAFC46}.Release|x86.ActiveCfg = Release|Any CPU
		{9C3BE5BF-3A0C-4279-8CC3-A716E5EAFC46}.Release|x86.Build.0 = Release|Any CPU
		{4F6DBA1D-DC7C-4085-9725-6A0965F27D7E}.Debug|Any CPU.ActiveCfg = Debug|Any CPU
		{4F6DBA1D-DC7C-4085-9725-6A0965F27D7E}.Debug|Any CPU.Build.0 = Debug|Any CPU
		{4F6DBA1D-DC7C-4085-9725-6A0965F27D7E}.Debug|x64.ActiveCfg = Debug|Any CPU
		{4F6DBA1D-DC7C-4085-9725-6A0965F27D7E}.Debug|x64.Build.0 = Debug|Any CPU
		{4F6DBA1D-DC7C-4085-9725-6A0965F27D7E}.Debug|x86.ActiveCfg = Debug|Any CPU
		{4F6DBA1D-DC7C-4085-9725-6A0965F27D7E}.Debug|x86.Build.0 = Debug|Any CPU
		{4F6DBA1D-DC7C-4085-9725-6A0965F27D7E}.Release|Any CPU.ActiveCfg = Release|Any CPU
		{4F6DBA1D-DC7C-4085-9725-6A0965F27D7E}.Release|Any CPU.Build.0 = Release|Any CPU
		{4F6DBA1D-DC7C-4085-9725-6A0965F27D7E}.Release|x64.ActiveCfg = Release|Any CPU
		{4F6DBA1D-DC7C-4085-9725-6A0965F27D7E}.Release|x64.Build.0 = Release|Any CPU
		{4F6DBA1D-DC7C-4085-9725-6A0965F27D7E}.Release|x86.ActiveCfg = Release|Any CPU
		{4F6DBA1D-DC7C-4085-9725-6A0965F27D7E}.Release|x86.Build.0 = Release|Any CPU
		{527AEEAF-D3AC-4AB5-8919-BEA9F2D6BBD3}.Debug|Any CPU.ActiveCfg = Debug|Any CPU
		{527AEEAF-D3AC-4AB5-8919-BEA9F2D6BBD3}.Debug|Any CPU.Build.0 = Debug|Any CPU
		{527AEEAF-D3AC-4AB5-8919-BEA9F2D6BBD3}.Debug|x64.ActiveCfg = Debug|Any CPU
		{527AEEAF-D3AC-4AB5-8919-BEA9F2D6BBD3}.Debug|x64.Build.0 = Debug|Any CPU
		{527AEEAF-D3AC-4AB5-8919-BEA9F2D6BBD3}.Debug|x86.ActiveCfg = Debug|Any CPU
		{527AEEAF-D3AC-4AB5-8919-BEA9F2D6BBD3}.Debug|x86.Build.0 = Debug|Any CPU
		{527AEEAF-D3AC-4AB5-8919-BEA9F2D6BBD3}.Release|Any CPU.ActiveCfg = Release|Any CPU
		{527AEEAF-D3AC-4AB5-8919-BEA9F2D6BBD3}.Release|Any CPU.Build.0 = Release|Any CPU
		{527AEEAF-D3AC-4AB5-8919-BEA9F2D6BBD3}.Release|x64.ActiveCfg = Release|Any CPU
		{527AEEAF-D3AC-4AB5-8919-BEA9F2D6BBD3}.Release|x64.Build.0 = Release|Any CPU
		{527AEEAF-D3AC-4AB5-8919-BEA9F2D6BBD3}.Release|x86.ActiveCfg = Release|Any CPU
		{527AEEAF-D3AC-4AB5-8919-BEA9F2D6BBD3}.Release|x86.Build.0 = Release|Any CPU
		{45A765E3-51C9-4B79-81BB-9EA8464114F7}.Debug|Any CPU.ActiveCfg = Debug|Any CPU
		{45A765E3-51C9-4B79-81BB-9EA8464114F7}.Debug|Any CPU.Build.0 = Debug|Any CPU
		{45A765E3-51C9-4B79-81BB-9EA8464114F7}.Debug|x64.ActiveCfg = Debug|Any CPU
		{45A765E3-51C9-4B79-81BB-9EA8464114F7}.Debug|x64.Build.0 = Debug|Any CPU
		{45A765E3-51C9-4B79-81BB-9EA8464114F7}.Debug|x86.ActiveCfg = Debug|Any CPU
		{45A765E3-51C9-4B79-81BB-9EA8464114F7}.Debug|x86.Build.0 = Debug|Any CPU
		{45A765E3-51C9-4B79-81BB-9EA8464114F7}.Release|Any CPU.ActiveCfg = Release|Any CPU
		{45A765E3-51C9-4B79-81BB-9EA8464114F7}.Release|Any CPU.Build.0 = Release|Any CPU
		{45A765E3-51C9-4B79-81BB-9EA8464114F7}.Release|x64.ActiveCfg = Release|Any CPU
		{45A765E3-51C9-4B79-81BB-9EA8464114F7}.Release|x64.Build.0 = Release|Any CPU
		{45A765E3-51C9-4B79-81BB-9EA8464114F7}.Release|x86.ActiveCfg = Release|Any CPU
		{45A765E3-51C9-4B79-81BB-9EA8464114F7}.Release|x86.Build.0 = Release|Any CPU
	EndGlobalSection
	GlobalSection(SolutionProperties) = preSolution
		HideSolutionNode = FALSE
	EndGlobalSection
	GlobalSection(NestedProjects) = preSolution
		{4F6DBA1D-DC7C-4085-9725-6A0965F27D7E} = {4F52FD11-658E-A102-6CD3-7D7C16FFA15B}
		{527AEEAF-D3AC-4AB5-8919-BEA9F2D6BBD3} = {4F52FD11-658E-A102-6CD3-7D7C16FFA15B}
		{45A765E3-51C9-4B79-81BB-9EA8464114F7} = {4F52FD11-658E-A102-6CD3-7D7C16FFA15B}
	EndGlobalSection
EndGlobal
